
Microsoft Visual Studio Solution File, Format Version 12.00
# Visual Studio Version 17
VisualStudioVersion = 17.3.32901.215
MinimumVisualStudioVersion = 10.0.40219.1
Project("{FAE04EC0-301F-11D3-BF4B-00C04F79EFBC}") = "GoogleAuthentication", "GoogleAuthentication.csproj", "{399421F1-BA92-4DB5-A713-5C0BB9E72B1A}"
EndProject
Global
	GlobalSection(SolutionConfigurationPlatforms) = preSolution
		Debug|Any CPU = Debug|Any CPU
		Release|Any CPU = Release|Any CPU
	EndGlobalSection
	GlobalSection(ProjectConfigurationPlatforms) = postSolution
		{399421F1-BA92-4DB5-A713-5C0BB9E72B1A}.Debug|Any CPU.ActiveCfg = Debug|Any CPU
		{399421F1-BA92-4DB5-A713-5C0BB9E72B1A}.Debug|Any CPU.Build.0 = Debug|Any CPU
		{399421F1-BA92-4DB5-A713-5C0BB9E72B1A}.Release|Any CPU.ActiveCfg = Release|Any CPU
		{399421F1-BA92-4DB5-A713-5C0BB9E72B1A}.Release|Any CPU.Build.0 = Release|Any CPU
	EndGlobalSection
	GlobalSection(SolutionProperties) = preSolution
		HideSolutionNode = FALSE
	EndGlobalSection
	GlobalSection(ExtensibilityGlobals) = postSolution
		SolutionGuid = {61C183C7-97CD-42E8-8A38-B2A8A4CFA994}
	EndGlobalSection
EndGlobal
